
Microsoft Visual Studio Solution File, Format Version 12.00
# Visual Studio Version 17
VisualStudioVersion = 17.1.32210.238
MinimumVisualStudioVersion = 10.0.40219.1
Project("{8BC9CEB8-8B4A-11D0-8D11-00A0C91BC942}") = "spotify-reverse", "spotify-reverse\spotify-reverse.vcxproj", "{930F56C2-377E-4C4D-815D-B0BB2C7DDFC9}"
EndProject
Project("{8BC9CEB8-8B4A-11D0-8D11-00A0C91BC942}") = "spotify-reverse-launcher", "spotify-reverse-launcher\spotify-reverse-launcher.vcxproj", "{0B43A5FB-D64C-45CB-B87D-AF45D7D67932}"
EndProject
Project("{8BC9CEB8-8B4A-11D0-8D11-00A0C91BC942}") = "spotify-reverse-shared", "spotify-reverse-shared\spotify-reverse-shared.vcxitems", "{80C10288-CFBD-49D7-84DE-BF83B13E3B24}"
EndProject
Project("{2150E333-8FDC-42A3-9474-1A3956D46DE8}") = "solution", "solution", "{C6266EFA-749F-4905-80BB-F71B4ECE4595}"
	ProjectSection(SolutionItems) = preProject
		.clang-format = .clang-format
	EndProjectSection
EndProject
Global
	GlobalSection(SolutionConfigurationPlatforms) = preSolution
		Debug|x86 = Debug|x86
		Release|x86 = Release|x86
	EndGlobalSection
	GlobalSection(ProjectConfigurationPlatforms) = postSolution
		{930F56C2-377E-4C4D-815D-B0BB2C7DDFC9}.Debug|x86.ActiveCfg = Debug|Win32
		{930F56C2-377E-4C4D-815D-B0BB2C7DDFC9}.Debug|x86.Build.0 = Debug|Win32
		{930F56C2-377E-4C4D-815D-B0BB2C7DDFC9}.Release|x86.ActiveCfg = Release|Win32
		{930F56C2-377E-4C4D-815D-B0BB2C7DDFC9}.Release|x86.Build.0 = Release|Win32
		{0B43A5FB-D64C-45CB-B87D-AF45D7D67932}.Debug|x86.ActiveCfg = Debug|Win32
		{0B43A5FB-D64C-45CB-B87D-AF45D7D67932}.Debug|x86.Build.0 = Debug|Win32
		{0B43A5FB-D64C-45CB-B87D-AF45D7D67932}.Release|x86.ActiveCfg = Release|Win32
		{0B43A5FB-D64C-45CB-B87D-AF45D7D67932}.Release|x86.Build.0 = Release|Win32
	EndGlobalSection
	GlobalSection(SolutionProperties) = preSolution
		HideSolutionNode = FALSE
	EndGlobalSection
	GlobalSection(ExtensibilityGlobals) = postSolution
		SolutionGuid = {4464B17F-3892-49EA-B9CF-52D3AC9C0DD8}
	EndGlobalSection
	GlobalSection(SharedMSBuildProjectFiles) = preSolution
		spotify-reverse-shared\spotify-reverse-shared.vcxitems*{0b43a5fb-d64c-45cb-b87d-af45d7d67932}*SharedItemsImports = 4
		spotify-reverse-shared\spotify-reverse-shared.vcxitems*{80c10288-cfbd-49d7-84de-bf83b13e3b24}*SharedItemsImports = 9
		spotify-reverse-shared\spotify-reverse-shared.vcxitems*{930f56c2-377e-4c4d-815d-b0bb2c7ddfc9}*SharedItemsImports = 4
	EndGlobalSection
EndGlobal
